
Microsoft Visual Studio Solution File, Format Version 12.00
# Visual Studio Version 16
VisualStudioVersion = 16.0.30320.27
MinimumVisualStudioVersion = 10.0.40219.1
Project("{8BC9CEB8-8B4A-11D0-8D11-00A0C91BC942}") = "建立二叉树", "建立二叉树\建立二叉树.vcxproj", "{8460D8B6-7D6A-4882-B210-13986D27DEB0}"
EndProject
Project("{8BC9CEB8-8B4A-11D0-8D11-00A0C91BC942}") = "7-3-48最近公共祖先", "最近公共祖先\最近公共祖先.vcxproj", "{9C90BDA5-1CCE-4D4E-867C-4C2789F9612C}"
EndProject
Project("{8BC9CEB8-8B4A-11D0-8D11-00A0C91BC942}") = "7-3-27求先序序列第K个结点的值", "求先序序列第K个结点的值\求先序序列第K个结点的值.vcxproj", "{0E62C8E8-AEDF-4400-B2F9-A34E517EA26A}"
EndProject
Project("{8BC9CEB8-8B4A-11D0-8D11-00A0C91BC942}") = "7-3-28求中序序列中第K个结点的值", "中序序列中第K个结点的值\中序序列中第K个结点的值.vcxproj", "{26DB9199-F247-42C3-8C26-1CB1D4026B4A}"
EndProject
Project("{8BC9CEB8-8B4A-11D0-8D11-00A0C91BC942}") = "7-3-30求后序序列中第K个结点的值", "求后序序列中第K个结点的值\求后序序列中第K个结点的值.vcxproj", "{3D9FFF9E-6B01-49FD-A258-495897757B45}"
EndProject
Project("{8BC9CEB8-8B4A-11D0-8D11-00A0C91BC942}") = "7-3-31求所有结点数和叶子结点数以及双分支节点数", "求所有结点数和叶子结点数\求所有结点数和叶子结点数.vcxproj", "{2C2B9594-C452-4B86-B1E9-A65042A24B39}"
EndProject
Project("{8BC9CEB8-8B4A-11D0-8D11-00A0C91BC942}") = "7-3-34求最小值的结点值", "求最小值的结点值\求最小值的结点值.vcxproj", "{33D22CF8-89DC-4508-9B41-DC52C4BE2EA1}"
EndProject
Project("{8BC9CEB8-8B4A-11D0-8D11-00A0C91BC942}") = "7-3-36求结点值为x的个数", "求结点值为x的个数\求结点值为x的个数.vcxproj", "{80CC3602-5D86-4FA0-AB1A-131DFB84CEE8}"
EndProject
Project("{8BC9CEB8-8B4A-11D0-8D11-00A0C91BC942}") = "7-3-37删除二叉树并释放所有的结点", "删除二叉树并释放所有的结点\删除二叉树并释放所有的结点.vcxproj", "{B70C45DF-8A2E-41D7-A5A3-45B347344B28}"
EndProject
Project("{8BC9CEB8-8B4A-11D0-8D11-00A0C91BC942}") = "7-3-38求指定值为x的节点的双亲节点", "7-3-38求指定值为x的节点的双亲节点\7-3-38求指定值为x的节点的双亲节点.vcxproj", "{A5F67EA7-E61E-496C-A20F-2D5ED9054678}"
EndProject
Project("{8BC9CEB8-8B4A-11D0-8D11-00A0C91BC942}") = "7-3-39交换二叉树的左右子树", "7-3-39交换二叉树的左右子树\7-3-39交换二叉树的左右子树.vcxproj", "{177E3E39-47DD-4577-BA7C-53F4916EED16}"
EndProject
Project("{8BC9CEB8-8B4A-11D0-8D11-00A0C91BC942}") = "7-3-41求值为x的结点层号", "7-3-41求值为x的结点层号\7-3-41求值为x的结点层号.vcxproj", "{65AB8A47-8E3C-4850-A017-8CD984E00131}"
EndProject
Project("{8BC9CEB8-8B4A-11D0-8D11-00A0C91BC942}") = "7-3-43二叉树的最大宽度", "7-3-43二叉树的最大宽度\7-3-43二叉树的最大宽度.vcxproj", "{288C59D4-253E-4146-ACB7-E8CF335A8560}"
EndProject
Project("{8BC9CEB8-8B4A-11D0-8D11-00A0C91BC942}") = "7-3-44求指定某一层K的叶子节点个数", "7-3-44求指定某一层K的叶子节点个数\7-3-44求指定某一层K的叶子节点个数.vcxproj", "{7674D7BC-E0BB-4CC3-A2B0-6E8E52650036}"
EndProject
Project("{8BC9CEB8-8B4A-11D0-8D11-00A0C91BC942}") = "7-3-45判断一棵树是否为完全二叉树", "7-3-45判断一棵树是否为完全二叉树\7-3-45判断一棵树是否为完全二叉树.vcxproj", "{86BFE881-E8D0-486E-9193-6E7295F49457}"
EndProject
Project("{8BC9CEB8-8B4A-11D0-8D11-00A0C91BC942}") = "7-3-46输出从每个叶子结点到根结点的逆路径", "7-3-46输出从每个叶子结点到根结点的逆路径\7-3-46输出从每个叶子结点到根结点的逆路径.vcxproj", "{7B5AA3DE-2FB4-4CCA-BF99-1E4F7B879E33}"
EndProject
Project("{8BC9CEB8-8B4A-11D0-8D11-00A0C91BC942}") = "7-3-47输出二叉树中第一条最长的路径长度", "输出二叉树中第一条最长的路径长度\输出二叉树中第一条最长的路径长度.vcxproj", "{7A984C90-EDC2-49DC-9F1B-146D0C455AFD}"
EndProject
Project("{8BC9CEB8-8B4A-11D0-8D11-00A0C91BC942}") = "7-3-49输出从根节点到P所指节点之间的路径", "7-3-49输出从根节点到P所指节点之间的路径\7-3-49输出从根节点到P所指节点之间的路径.vcxproj", "{D64D3A35-FD98-4476-8D5D-ECE9EF4FB3E2}"
EndProject
Project("{8BC9CEB8-8B4A-11D0-8D11-00A0C91BC942}") = "10-2-55计算一棵AVL树所有节点的平衡因子值", "10-2-55计算一棵AVL树所有节点的平衡因子值\10-2-55计算一棵AVL树所有节点的平衡因子值.vcxproj", "{098FB4FF-35AD-452A-9C8A-A95498C123BE}"
EndProject
Project("{8BC9CEB8-8B4A-11D0-8D11-00A0C91BC942}") = "10-2-56判断一棵二叉树是否为平衡二叉树", "10-2-56判断一棵二叉树是否为平衡二叉树\10-2-56判断一棵二叉树是否为平衡二叉树.vcxproj", "{E18C5B9E-7416-4104-B292-65D3E3335653}"
EndProject
Global
	GlobalSection(SolutionConfigurationPlatforms) = preSolution
		Debug|x64 = Debug|x64
		Debug|x86 = Debug|x86
		Release|x64 = Release|x64
		Release|x86 = Release|x86
	EndGlobalSection
	GlobalSection(ProjectConfigurationPlatforms) = postSolution
		{8460D8B6-7D6A-4882-B210-13986D27DEB0}.Debug|x64.ActiveCfg = Debug|x64
		{8460D8B6-7D6A-4882-B210-13986D27DEB0}.Debug|x64.Build.0 = Debug|x64
		{8460D8B6-7D6A-4882-B210-13986D27DEB0}.Debug|x86.ActiveCfg = Debug|Win32
		{8460D8B6-7D6A-4882-B210-13986D27DEB0}.Debug|x86.Build.0 = Debug|Win32
		{8460D8B6-7D6A-4882-B210-13986D27DEB0}.Release|x64.ActiveCfg = Release|x64
		{8460D8B6-7D6A-4882-B210-13986D27DEB0}.Release|x64.Build.0 = Release|x64
		{8460D8B6-7D6A-4882-B210-13986D27DEB0}.Release|x86.ActiveCfg = Release|Win32
		{8460D8B6-7D6A-4882-B210-13986D27DEB0}.Release|x86.Build.0 = Release|Win32
		{9C90BDA5-1CCE-4D4E-867C-4C2789F9612C}.Debug|x64.ActiveCfg = Debug|x64
		{9C90BDA5-1CCE-4D4E-867C-4C2789F9612C}.Debug|x64.Build.0 = Debug|x64
		{9C90BDA5-1CCE-4D4E-867C-4C2789F9612C}.Debug|x86.ActiveCfg = Debug|Win32
		{9C90BDA5-1CCE-4D4E-867C-4C2789F9612C}.Debug|x86.Build.0 = Debug|Win32
		{9C90BDA5-1CCE-4D4E-867C-4C2789F9612C}.Release|x64.ActiveCfg = Release|x64
		{9C90BDA5-1CCE-4D4E-867C-4C2789F9612C}.Release|x64.Build.0 = Release|x64
		{9C90BDA5-1CCE-4D4E-867C-4C2789F9612C}.Release|x86.ActiveCfg = Release|Win32
		{9C90BDA5-1CCE-4D4E-867C-4C2789F9612C}.Release|x86.Build.0 = Release|Win32
		{0E62C8E8-AEDF-4400-B2F9-A34E517EA26A}.Debug|x64.ActiveCfg = Debug|x64
		{0E62C8E8-AEDF-4400-B2F9-A34E517EA26A}.Debug|x64.Build.0 = Debug|x64
		{0E62C8E8-AEDF-4400-B2F9-A34E517EA26A}.Debug|x86.ActiveCfg = Debug|Win32
		{0E62C8E8-AEDF-4400-B2F9-A34E517EA26A}.Debug|x86.Build.0 = Debug|Win32
		{0E62C8E8-AEDF-4400-B2F9-A34E517EA26A}.Release|x64.ActiveCfg = Release|x64
		{0E62C8E8-AEDF-4400-B2F9-A34E517EA26A}.Release|x64.Build.0 = Release|x64
		{0E62C8E8-AEDF-4400-B2F9-A34E517EA26A}.Release|x86.ActiveCfg = Release|Win32
		{0E62C8E8-AEDF-4400-B2F9-A34E517EA26A}.Release|x86.Build.0 = Release|Win32
		{26DB9199-F247-42C3-8C26-1CB1D4026B4A}.Debug|x64.ActiveCfg = Debug|x64
		{26DB9199-F247-42C3-8C26-1CB1D4026B4A}.Debug|x64.Build.0 = Debug|x64
		{26DB9199-F247-42C3-8C26-1CB1D4026B4A}.Debug|x86.ActiveCfg = Debug|Win32
		{26DB9199-F247-42C3-8C26-1CB1D4026B4A}.Debug|x86.Build.0 = Debug|Win32
		{26DB9199-F247-42C3-8C26-1CB1D4026B4A}.Release|x64.ActiveCfg = Release|x64
		{26DB9199-F247-42C3-8C26-1CB1D4026B4A}.Release|x64.Build.0 = Release|x64
		{26DB9199-F247-42C3-8C26-1CB1D4026B4A}.Release|x86.ActiveCfg = Release|Win32
		{26DB9199-F247-42C3-8C26-1CB1D4026B4A}.Release|x86.Build.0 = Release|Win32
		{3D9FFF9E-6B01-49FD-A258-495897757B45}.Debug|x64.ActiveCfg = Debug|x64
		{3D9FFF9E-6B01-49FD-A258-495897757B45}.Debug|x64.Build.0 = Debug|x64
		{3D9FFF9E-6B01-49FD-A258-495897757B45}.Debug|x86.ActiveCfg = Debug|Win32
		{3D9FFF9E-6B01-49FD-A258-495897757B45}.Debug|x86.Build.0 = Debug|Win32
		{3D9FFF9E-6B01-49FD-A258-495897757B45}.Release|x64.ActiveCfg = Release|x64
		{3D9FFF9E-6B01-49FD-A258-495897757B45}.Release|x64.Build.0 = Release|x64
		{3D9FFF9E-6B01-49FD-A258-495897757B45}.Release|x86.ActiveCfg = Release|Win32
		{3D9FFF9E-6B01-49FD-A258-495897757B45}.Release|x86.Build.0 = Release|Win32
		{2C2B9594-C452-4B86-B1E9-A65042A24B39}.Debug|x64.ActiveCfg = Debug|x64
		{2C2B9594-C452-4B86-B1E9-A65042A24B39}.Debug|x64.Build.0 = Debug|x64
		{2C2B9594-C452-4B86-B1E9-A65042A24B39}.Debug|x86.ActiveCfg = Debug|Win32
		{2C2B9594-C452-4B86-B1E9-A65042A24B39}.Debug|x86.Build.0 = Debug|Win32
		{2C2B9594-C452-4B86-B1E9-A65042A24B39}.Release|x64.ActiveCfg = Release|x64
		{2C2B9594-C452-4B86-B1E9-A65042A24B39}.Release|x64.Build.0 = Release|x64
		{2C2B9594-C452-4B86-B1E9-A65042A24B39}.Release|x86.ActiveCfg = Release|Win32
		{2C2B9594-C452-4B86-B1E9-A65042A24B39}.Release|x86.Build.0 = Release|Win32
		{33D22CF8-89DC-4508-9B41-DC52C4BE2EA1}.Debug|x64.ActiveCfg = Debug|x64
		{33D22CF8-89DC-4508-9B41-DC52C4BE2EA1}.Debug|x64.Build.0 = Debug|x64
		{33D22CF8-89DC-4508-9B41-DC52C4BE2EA1}.Debug|x86.ActiveCfg = Debug|Win32
		{33D22CF8-89DC-4508-9B41-DC52C4BE2EA1}.Debug|x86.Build.0 = Debug|Win32
		{33D22CF8-89DC-4508-9B41-DC52C4BE2EA1}.Release|x64.ActiveCfg = Release|x64
		{33D22CF8-89DC-4508-9B41-DC52C4BE2EA1}.Release|x64.Build.0 = Release|x64
		{33D22CF8-89DC-4508-9B41-DC52C4BE2EA1}.Release|x86.ActiveCfg = Release|Win32
		{33D22CF8-89DC-4508-9B41-DC52C4BE2EA1}.Release|x86.Build.0 = Release|Win32
		{80CC3602-5D86-4FA0-AB1A-131DFB84CEE8}.Debug|x64.ActiveCfg = Debug|x64
		{80CC3602-5D86-4FA0-AB1A-131DFB84CEE8}.Debug|x64.Build.0 = Debug|x64
		{80CC3602-5D86-4FA0-AB1A-131DFB84CEE8}.Debug|x86.ActiveCfg = Debug|Win32
		{80CC3602-5D86-4FA0-AB1A-131DFB84CEE8}.Debug|x86.Build.0 = Debug|Win32
		{80CC3602-5D86-4FA0-AB1A-131DFB84CEE8}.Release|x64.ActiveCfg = Release|x64
		{80CC3602-5D86-4FA0-AB1A-131DFB84CEE8}.Release|x64.Build.0 = Release|x64
		{80CC3602-5D86-4FA0-AB1A-131DFB84CEE8}.Release|x86.ActiveCfg = Release|Win32
		{80CC3602-5D86-4FA0-AB1A-131DFB84CEE8}.Release|x86.Build.0 = Release|Win32
		{B70C45DF-8A2E-41D7-A5A3-45B347344B28}.Debug|x64.ActiveCfg = Debug|x64
		{B70C45DF-8A2E-41D7-A5A3-45B347344B28}.Debug|x64.Build.0 = Debug|x64
		{B70C45DF-8A2E-41D7-A5A3-45B347344B28}.Debug|x86.ActiveCfg = Debug|Win32
		{B70C45DF-8A2E-41D7-A5A3-45B347344B28}.Debug|x86.Build.0 = Debug|Win32
		{B70C45DF-8A2E-41D7-A5A3-45B347344B28}.Release|x64.ActiveCfg = Release|x64
		{B70C45DF-8A2E-41D7-A5A3-45B347344B28}.Release|x64.Build.0 = Release|x64
		{B70C45DF-8A2E-41D7-A5A3-45B347344B28}.Release|x86.ActiveCfg = Release|Win32
		{B70C45DF-8A2E-41D7-A5A3-45B347344B28}.Release|x86.Build.0 = Release|Win32
		{A5F67EA7-E61E-496C-A20F-2D5ED9054678}.Debug|x64.ActiveCfg = Debug|x64
		{A5F67EA7-E61E-496C-A20F-2D5ED9054678}.Debug|x64.Build.0 = Debug|x64
		{A5F67EA7-E61E-496C-A20F-2D5ED9054678}.Debug|x86.ActiveCfg = Debug|Win32
		{A5F67EA7-E61E-496C-A20F-2D5ED9054678}.Debug|x86.Build.0 = Debug|Win32
		{A5F67EA7-E61E-496C-A20F-2D5ED9054678}.Release|x64.ActiveCfg = Release|x64
		{A5F67EA7-E61E-496C-A20F-2D5ED9054678}.Release|x64.Build.0 = Release|x64
		{A5F67EA7-E61E-496C-A20F-2D5ED9054678}.Release|x86.ActiveCfg = Release|Win32
		{A5F67EA7-E61E-496C-A20F-2D5ED9054678}.Release|x86.Build.0 = Release|Win32
		{177E3E39-47DD-4577-BA7C-53F4916EED16}.Debug|x64.ActiveCfg = Debug|x64
		{177E3E39-47DD-4577-BA7C-53F4916EED16}.Debug|x64.Build.0 = Debug|x64
		{177E3E39-47DD-4577-BA7C-53F4916EED16}.Debug|x86.ActiveCfg = Debug|Win32
		{177E3E39-47DD-4577-BA7C-53F4916EED16}.Debug|x86.Build.0 = Debug|Win32
		{177E3E39-47DD-4577-BA7C-53F4916EED16}.Release|x64.ActiveCfg = Release|x64
		{177E3E39-47DD-4577-BA7C-53F4916EED16}.Release|x64.Build.0 = Release|x64
		{177E3E39-47DD-4577-BA7C-53F4916EED16}.Release|x86.ActiveCfg = Release|Win32
		{177E3E39-47DD-4577-BA7C-53F4916EED16}.Release|x86.Build.0 = Release|Win32
		{65AB8A47-8E3C-4850-A017-8CD984E00131}.Debug|x64.ActiveCfg = Debug|x64
		{65AB8A47-8E3C-4850-A017-8CD984E00131}.Debug|x64.Build.0 = Debug|x64
		{65AB8A47-8E3C-4850-A017-8CD984E00131}.Debug|x86.ActiveCfg = Debug|Win32
		{65AB8A47-8E3C-4850-A017-8CD984E00131}.Debug|x86.Build.0 = Debug|Win32
		{65AB8A47-8E3C-4850-A017-8CD984E00131}.Release|x64.ActiveCfg = Release|x64
		{65AB8A47-8E3C-4850-A017-8CD984E00131}.Release|x64.Build.0 = Release|x64
		{65AB8A47-8E3C-4850-A017-8CD984E00131}.Release|x86.ActiveCfg = Release|Win32
		{65AB8A47-8E3C-4850-A017-8CD984E00131}.Release|x86.Build.0 = Release|Win32
		{288C59D4-253E-4146-ACB7-E8CF335A8560}.Debug|x64.ActiveCfg = Debug|x64
		{288C59D4-253E-4146-ACB7-E8CF335A8560}.Debug|x64.Build.0 = Debug|x64
		{288C59D4-253E-4146-ACB7-E8CF335A8560}.Debug|x86.ActiveCfg = Debug|Win32
		{288C59D4-253E-4146-ACB7-E8CF335A8560}.Debug|x86.Build.0 = Debug|Win32
		{288C59D4-253E-4146-ACB7-E8CF335A8560}.Release|x64.ActiveCfg = Release|x64
		{288C59D4-253E-4146-ACB7-E8CF335A8560}.Release|x64.Build.0 = Release|x64
		{288C59D4-253E-4146-ACB7-E8CF335A8560}.Release|x86.ActiveCfg = Release|Win32
		{288C59D4-253E-4146-ACB7-E8CF335A8560}.Release|x86.Build.0 = Release|Win32
		{7674D7BC-E0BB-4CC3-A2B0-6E8E52650036}.Debug|x64.ActiveCfg = Debug|x64
		{7674D7BC-E0BB-4CC3-A2B0-6E8E52650036}.Debug|x64.Build.0 = Debug|x64
		{7674D7BC-E0BB-4CC3-A2B0-6E8E52650036}.Debug|x86.ActiveCfg = Debug|Win32
		{7674D7BC-E0BB-4CC3-A2B0-6E8E52650036}.Debug|x86.Build.0 = Debug|Win32
		{7674D7BC-E0BB-4CC3-A2B0-6E8E52650036}.Release|x64.ActiveCfg = Release|x64
		{7674D7BC-E0BB-4CC3-A2B0-6E8E52650036}.Release|x64.Build.0 = Release|x64
		{7674D7BC-E0BB-4CC3-A2B0-6E8E52650036}.Release|x86.ActiveCfg = Release|Win32
		{7674D7BC-E0BB-4CC3-A2B0-6E8E52650036}.Release|x86.Build.0 = Release|Win32
		{86BFE881-E8D0-486E-9193-6E7295F49457}.Debug|x64.ActiveCfg = Debug|x64
		{86BFE881-E8D0-486E-9193-6E7295F49457}.Debug|x64.Build.0 = Debug|x64
		{86BFE881-E8D0-486E-9193-6E7295F49457}.Debug|x86.ActiveCfg = Debug|Win32
		{86BFE881-E8D0-486E-9193-6E7295F49457}.Debug|x86.Build.0 = Debug|Win32
		{86BFE881-E8D0-486E-9193-6E7295F49457}.Release|x64.ActiveCfg = Release|x64
		{86BFE881-E8D0-486E-9193-6E7295F49457}.Release|x64.Build.0 = Release|x64
		{86BFE881-E8D0-486E-9193-6E7295F49457}.Release|x86.ActiveCfg = Release|Win32
		{86BFE881-E8D0-486E-9193-6E7295F49457}.Release|x86.Build.0 = Release|Win32
		{7B5AA3DE-2FB4-4CCA-BF99-1E4F7B879E33}.Debug|x64.ActiveCfg = Debug|x64
		{7B5AA3DE-2FB4-4CCA-BF99-1E4F7B879E33}.Debug|x64.Build.0 = Debug|x64
		{7B5AA3DE-2FB4-4CCA-BF99-1E4F7B879E33}.Debug|x86.ActiveCfg = Debug|Win32
		{7B5AA3DE-2FB4-4CCA-BF99-1E4F7B879E33}.Debug|x86.Build.0 = Debug|Win32
		{7B5AA3DE-2FB4-4CCA-BF99-1E4F7B879E33}.Release|x64.ActiveCfg = Release|x64
		{7B5AA3DE-2FB4-4CCA-BF99-1E4F7B879E33}.Release|x64.Build.0 = Release|x64
		{7B5AA3DE-2FB4-4CCA-BF99-1E4F7B879E33}.Release|x86.ActiveCfg = Release|Win32
		{7B5AA3DE-2FB4-4CCA-BF99-1E4F7B879E33}.Release|x86.Build.0 = Release|Win32
		{7A984C90-EDC2-49DC-9F1B-146D0C455AFD}.Debug|x64.ActiveCfg = Debug|x64
		{7A984C90-EDC2-49DC-9F1B-146D0C455AFD}.Debug|x64.Build.0 = Debug|x64
		{7A984C90-EDC2-49DC-9F1B-146D0C455AFD}.Debug|x86.ActiveCfg = Debug|Win32
		{7A984C90-EDC2-49DC-9F1B-146D0C455AFD}.Debug|x86.Build.0 = Debug|Win32
		{7A984C90-EDC2-49DC-9F1B-146D0C455AFD}.Release|x64.ActiveCfg = Release|x64
		{7A984C90-EDC2-49DC-9F1B-146D0C455AFD}.Release|x64.Build.0 = Release|x64
		{7A984C90-EDC2-49DC-9F1B-146D0C455AFD}.Release|x86.ActiveCfg = Release|Win32
		{7A984C90-EDC2-49DC-9F1B-146D0C455AFD}.Release|x86.Build.0 = Release|Win32
		{D64D3A35-FD98-4476-8D5D-ECE9EF4FB3E2}.Debug|x64.ActiveCfg = Debug|x64
		{D64D3A35-FD98-4476-8D5D-ECE9EF4FB3E2}.Debug|x64.Build.0 = Debug|x64
		{D64D3A35-FD98-4476-8D5D-ECE9EF4FB3E2}.Debug|x86.ActiveCfg = Debug|Win32
		{D64D3A35-FD98-4476-8D5D-ECE9EF4FB3E2}.Debug|x86.Build.0 = Debug|Win32
		{D64D3A35-FD98-4476-8D5D-ECE9EF4FB3E2}.Release|x64.ActiveCfg = Release|x64
		{D64D3A35-FD98-4476-8D5D-ECE9EF4FB3E2}.Release|x64.Build.0 = Release|x64
		{D64D3A35-FD98-4476-8D5D-ECE9EF4FB3E2}.Release|x86.ActiveCfg = Release|Win32
		{D64D3A35-FD98-4476-8D5D-ECE9EF4FB3E2}.Release|x86.Build.0 = Release|Win32
		{098FB4FF-35AD-452A-9C8A-A95498C123BE}.Debug|x64.ActiveCfg = Debug|x64
		{098FB4FF-35AD-452A-9C8A-A95498C123BE}.Debug|x64.Build.0 = Debug|x64
		{098FB4FF-35AD-452A-9C8A-A95498C123BE}.Debug|x86.ActiveCfg = Debug|Win32
		{098FB4FF-35AD-452A-9C8A-A95498C123BE}.Debug|x86.Build.0 = Debug|Win32
		{098FB4FF-35AD-452A-9C8A-A95498C123BE}.Release|x64.ActiveCfg = Release|x64
		{098FB4FF-35AD-452A-9C8A-A95498C123BE}.Release|x64.Build.0 = Release|x64
		{098FB4FF-35AD-452A-9C8A-A95498C123BE}.Release|x86.ActiveCfg = Release|Win32
		{098FB4FF-35AD-452A-9C8A-A95498C123BE}.Release|x86.Build.0 = Release|Win32
		{E18C5B9E-7416-4104-B292-65D3E3335653}.Debug|x64.ActiveCfg = Debug|x64
		{E18C5B9E-7416-4104-B292-65D3E3335653}.Debug|x64.Build.0 = Debug|x64
		{E18C5B9E-7416-4104-B292-65D3E3335653}.Debug|x86.ActiveCfg = Debug|Win32
		{E18C5B9E-7416-4104-B292-65D3E3335653}.Debug|x86.Build.0 = Debug|Win32
		{E18C5B9E-7416-4104-B292-65D3E3335653}.Release|x64.ActiveCfg = Release|x64
		{E18C5B9E-7416-4104-B292-65D3E3335653}.Release|x64.Build.0 = Release|x64
		{E18C5B9E-7416-4104-B292-65D3E3335653}.Release|x86.ActiveCfg = Release|Win32
		{E18C5B9E-7416-4104-B292-65D3E3335653}.Release|x86.Build.0 = Release|Win32
	EndGlobalSection
	GlobalSection(SolutionProperties) = preSolution
		HideSolutionNode = FALSE
	EndGlobalSection
	GlobalSection(ExtensibilityGlobals) = postSolution
		SolutionGuid = {08949CE2-B4CF-4E3C-813A-6A4D47F51C01}
	EndGlobalSection
EndGlobal
